# This is a Gradle generated file for dependency locking.
# Manual edits can break the build and are not advised.
# This file is expected to be part of source control.
com.google.code.gson:gson:2.8.5=debugAndroidTestCompileClasspath,debugCompileClasspath,debugRuntimeClasspath,debugUnitTestCompileClasspath,debugUnitTestRuntimeClasspath,releaseCompileClasspath,releaseRuntimeClasspath,releaseUnitTestCompileClasspath,releaseUnitTestRuntimeClasspath
com.squareup.okhttp3:okhttp:3.12.0=debugAndroidTestCompileClasspath,debugCompileClasspath,debugRuntimeClasspath,debugUnitTestCompileClasspath,debugUnitTestRuntimeClasspath,releaseCompileClasspath,releaseRuntimeClasspath,releaseUnitTestCompileClasspath,releaseUnitTestRuntimeClasspath
com.squareup.okio:okio:1.15.0=debugAndroidTestCompileClasspath,debugCompileClasspath,debugRuntimeClasspath,debugUnitTestCompileClasspath,debugUnitTestRuntimeClasspath,releaseCompileClasspath,releaseRuntimeClasspath,releaseUnitTestCompileClasspath,releaseUnitTestRuntimeClasspath
org.apache.logging.log4j:log4j-api:2.14.1=debugAndroidTestCompileClasspath,debugCompileClasspath,debugRuntimeClasspath,debugUnitTestCompileClasspath,debugUnitTestRuntimeClasspath,releaseCompileClasspath,releaseRuntimeClasspath,releaseUnitTestCompileClasspath,releaseUnitTestRuntimeClasspath
org.apache.logging.log4j:log4j-core:2.14.1=debugAndroidTestCompileClasspath,debugCompileClasspath,debugRuntimeClasspath,debugUnitTestCompileClasspath,debugUnitTestRuntimeClasspath,releaseCompileClasspath,releaseRuntimeClasspath,releaseUnitTestCompileClasspath,releaseUnitTestRuntimeClasspath
org.jacoco:org.jacoco.agent:0.8.8=androidJacocoAnt
org.jacoco:org.jacoco.ant:0.8.8=androidJacocoAnt
org.jacoco:org.jacoco.core:0.8.8=androidJacocoAnt
org.jacoco:org.jacoco.report:0.8.8=androidJacocoAnt
org.ow2.asm:asm-analysis:9.2=androidJacocoAnt
org.ow2.asm:asm-commons:9.2=androidJacocoAnt
org.ow2.asm:asm-tree:9.2=androidJacocoAnt
org.ow2.asm:asm:9.2=androidJacocoAnt
empty=androidApis,androidJdkImage,androidTestUtil,coreLibraryDesugaring,debugAndroidTestAnnotationProcessorClasspath,debugAndroidTestRuntimeClasspath,debugAnnotationProcessorClasspath,debugReverseMetadataValues,debugUnitTestAnnotationProcessorClasspath,debugWearBundling,lintChecks,lintPublish,releaseAnnotationProcessorClasspath,releaseReverseMetadataValues,releaseUnitTestAnnotationProcessorClasspath,releaseWearBundling
